
Microsoft Visual Studio Solution File, Format Version 12.00
# Visual Studio 15
VisualStudioVersion = 15.0.28010.2036
MinimumVisualStudioVersion = 10.0.40219.1
Project("{8BC9CEB8-8B4A-11D0-8D11-00A0C91BC942}") = "1151", "Pat_advanced\Pat_advanced.vcxproj", "{7AB5062E-927E-4CA8-A7C1-CF5F267D91D3}"
EndProject
Project("{8BC9CEB8-8B4A-11D0-8D11-00A0C91BC942}") = "1147", "1147\1147.vcxproj", "{C51552D3-F450-4DA9-A4B4-F39F6521DD40}"
EndProject
Project("{8BC9CEB8-8B4A-11D0-8D11-00A0C91BC942}") = "1138", "1138\1138.vcxproj", "{DA6B3306-BDAB-484B-933C-F29DAD73D4DB}"
EndProject
Project("{8BC9CEB8-8B4A-11D0-8D11-00A0C91BC942}") = "1135", "1135\1135.vcxproj", "{56C7F81F-C6F5-402A-BAD7-ACFBD6275B31}"
EndProject
Project("{8BC9CEB8-8B4A-11D0-8D11-00A0C91BC942}") = "1127", "1127\1127.vcxproj", "{D9EE1803-B435-4E0B-9C5D-16848CBBF120}"
EndProject
Project("{8BC9CEB8-8B4A-11D0-8D11-00A0C91BC942}") = "1123", "1123\1123.vcxproj", "{7EE51895-3EAF-4294-A92C-B65BFD52C8EF}"
EndProject
Project("{8BC9CEB8-8B4A-11D0-8D11-00A0C91BC942}") = "1119", "1119\1119.vcxproj", "{25E8107D-1ED6-4A57-A2DD-4F60CC14D700}"
EndProject
Project("{8BC9CEB8-8B4A-11D0-8D11-00A0C91BC942}") = "1115", "1115\1115.vcxproj", "{138A3F06-E22F-4054-ACF6-353BDE5D8323}"
EndProject
Project("{8BC9CEB8-8B4A-11D0-8D11-00A0C91BC942}") = "1110", "1110\1110.vcxproj", "{F406DF5B-9876-4121-940D-838F53EC3F99}"
EndProject
Project("{8BC9CEB8-8B4A-11D0-8D11-00A0C91BC942}") = "1106", "1106\1106.vcxproj", "{064C8EB5-AA27-4E69-8BD7-91AEC6152799}"
EndProject
Project("{8BC9CEB8-8B4A-11D0-8D11-00A0C91BC942}") = "1102", "1102\1102.vcxproj", "{9180E50C-8BFF-4675-B800-236BBCB973E7}"
EndProject
Project("{8BC9CEB8-8B4A-11D0-8D11-00A0C91BC942}") = "1099", "1099\1099.vcxproj", "{F8DE4B66-75CD-47CE-8369-A34CCCE317E2}"
EndProject
Project("{8BC9CEB8-8B4A-11D0-8D11-00A0C91BC942}") = "1094", "1094\1094.vcxproj", "{BD0B2A07-E7D6-433D-8CA1-58BDB3CD34B6}"
EndProject
Project("{8BC9CEB8-8B4A-11D0-8D11-00A0C91BC942}") = "1090", "1090\1090.vcxproj", "{A53A3728-E72E-47B1-9C6A-F429258128C1}"
EndProject
Project("{8BC9CEB8-8B4A-11D0-8D11-00A0C91BC942}") = "1086", "1086\1086.vcxproj", "{E68FCCE0-659A-49D8-851C-619194433FD9}"
EndProject
Project("{8BC9CEB8-8B4A-11D0-8D11-00A0C91BC942}") = "byyl", "byyl\byyl.vcxproj", "{731B0A66-33AB-4F83-9BAB-C0A1D732D5A0}"
EndProject
Project("{8BC9CEB8-8B4A-11D0-8D11-00A0C91BC942}") = "1079", "1079\1079.vcxproj", "{9B63EA37-788D-42A6-A5AB-5A07B0B8D065}"
EndProject
Project("{8BC9CEB8-8B4A-11D0-8D11-00A0C91BC942}") = "1066", "1066\1066.vcxproj", "{FCB965DD-539D-4AB6-B394-746B5E38B9BD}"
EndProject
Project("{8BC9CEB8-8B4A-11D0-8D11-00A0C91BC942}") = "1064", "1064\1064.vcxproj", "{367985DE-2062-44D9-ABC2-6201AFA59C56}"
EndProject
Project("{8BC9CEB8-8B4A-11D0-8D11-00A0C91BC942}") = "1057", "1057\1057.vcxproj", "{9DFE0B5C-771A-42DC-B35A-54E4830D14B4}"
EndProject
Project("{8BC9CEB8-8B4A-11D0-8D11-00A0C91BC942}") = "1053", "1053\1053.vcxproj", "{42834A45-89A0-4907-AE17-C2B50ECC6AA6}"
EndProject
Project("{8BC9CEB8-8B4A-11D0-8D11-00A0C91BC942}") = "1043", "1043\1043.vcxproj", "{AA8B5D47-D4D8-4855-9078-14431FF73C8A}"
EndProject
Global
	GlobalSection(SolutionConfigurationPlatforms) = preSolution
		Debug|x64 = Debug|x64
		Debug|x86 = Debug|x86
		Release|x64 = Release|x64
		Release|x86 = Release|x86
	EndGlobalSection
	GlobalSection(ProjectConfigurationPlatforms) = postSolution
		{7AB5062E-927E-4CA8-A7C1-CF5F267D91D3}.Debug|x64.ActiveCfg = Debug|x64
		{7AB5062E-927E-4CA8-A7C1-CF5F267D91D3}.Debug|x64.Build.0 = Debug|x64
		{7AB5062E-927E-4CA8-A7C1-CF5F267D91D3}.Debug|x86.ActiveCfg = Debug|Win32
		{7AB5062E-927E-4CA8-A7C1-CF5F267D91D3}.Debug|x86.Build.0 = Debug|Win32
		{7AB5062E-927E-4CA8-A7C1-CF5F267D91D3}.Release|x64.ActiveCfg = Release|x64
		{7AB5062E-927E-4CA8-A7C1-CF5F267D91D3}.Release|x64.Build.0 = Release|x64
		{7AB5062E-927E-4CA8-A7C1-CF5F267D91D3}.Release|x86.ActiveCfg = Release|Win32
		{7AB5062E-927E-4CA8-A7C1-CF5F267D91D3}.Release|x86.Build.0 = Release|Win32
		{C51552D3-F450-4DA9-A4B4-F39F6521DD40}.Debug|x64.ActiveCfg = Debug|x64
		{C51552D3-F450-4DA9-A4B4-F39F6521DD40}.Debug|x64.Build.0 = Debug|x64
		{C51552D3-F450-4DA9-A4B4-F39F6521DD40}.Debug|x86.ActiveCfg = Debug|Win32
		{C51552D3-F450-4DA9-A4B4-F39F6521DD40}.Debug|x86.Build.0 = Debug|Win32
		{C51552D3-F450-4DA9-A4B4-F39F6521DD40}.Release|x64.ActiveCfg = Release|x64
		{C51552D3-F450-4DA9-A4B4-F39F6521DD40}.Release|x64.Build.0 = Release|x64
		{C51552D3-F450-4DA9-A4B4-F39F6521DD40}.Release|x86.ActiveCfg = Release|Win32
		{C51552D3-F450-4DA9-A4B4-F39F6521DD40}.Release|x86.Build.0 = Release|Win32
		{DA6B3306-BDAB-484B-933C-F29DAD73D4DB}.Debug|x64.ActiveCfg = Debug|x64
		{DA6B3306-BDAB-484B-933C-F29DAD73D4DB}.Debug|x64.Build.0 = Debug|x64
		{DA6B3306-BDAB-484B-933C-F29DAD73D4DB}.Debug|x86.ActiveCfg = Debug|Win32
		{DA6B3306-BDAB-484B-933C-F29DAD73D4DB}.Debug|x86.Build.0 = Debug|Win32
		{DA6B3306-BDAB-484B-933C-F29DAD73D4DB}.Release|x64.ActiveCfg = Release|x64
		{DA6B3306-BDAB-484B-933C-F29DAD73D4DB}.Release|x64.Build.0 = Release|x64
		{DA6B3306-BDAB-484B-933C-F29DAD73D4DB}.Release|x86.ActiveCfg = Release|Win32
		{DA6B3306-BDAB-484B-933C-F29DAD73D4DB}.Release|x86.Build.0 = Release|Win32
		{56C7F81F-C6F5-402A-BAD7-ACFBD6275B31}.Debug|x64.ActiveCfg = Debug|x64
		{56C7F81F-C6F5-402A-BAD7-ACFBD6275B31}.Debug|x64.Build.0 = Debug|x64
		{56C7F81F-C6F5-402A-BAD7-ACFBD6275B31}.Debug|x86.ActiveCfg = Debug|Win32
		{56C7F81F-C6F5-402A-BAD7-ACFBD6275B31}.Debug|x86.Build.0 = Debug|Win32
		{56C7F81F-C6F5-402A-BAD7-ACFBD6275B31}.Release|x64.ActiveCfg = Release|x64
		{56C7F81F-C6F5-402A-BAD7-ACFBD6275B31}.Release|x64.Build.0 = Release|x64
		{56C7F81F-C6F5-402A-BAD7-ACFBD6275B31}.Release|x86.ActiveCfg = Release|Win32
		{56C7F81F-C6F5-402A-BAD7-ACFBD6275B31}.Release|x86.Build.0 = Release|Win32
		{D9EE1803-B435-4E0B-9C5D-16848CBBF120}.Debug|x64.ActiveCfg = Debug|x64
		{D9EE1803-B435-4E0B-9C5D-16848CBBF120}.Debug|x64.Build.0 = Debug|x64
		{D9EE1803-B435-4E0B-9C5D-16848CBBF120}.Debug|x86.ActiveCfg = Debug|Win32
		{D9EE1803-B435-4E0B-9C5D-16848CBBF120}.Debug|x86.Build.0 = Debug|Win32
		{D9EE1803-B435-4E0B-9C5D-16848CBBF120}.Release|x64.ActiveCfg = Release|x64
		{D9EE1803-B435-4E0B-9C5D-16848CBBF120}.Release|x64.Build.0 = Release|x64
		{D9EE1803-B435-4E0B-9C5D-16848CBBF120}.Release|x86.ActiveCfg = Release|Win32
		{D9EE1803-B435-4E0B-9C5D-16848CBBF120}.Release|x86.Build.0 = Release|Win32
		{7EE51895-3EAF-4294-A92C-B65BFD52C8EF}.Debug|x64.ActiveCfg = Debug|x64
		{7EE51895-3EAF-4294-A92C-B65BFD52C8EF}.Debug|x64.Build.0 = Debug|x64
		{7EE51895-3EAF-4294-A92C-B65BFD52C8EF}.Debug|x86.ActiveCfg = Debug|Win32
		{7EE51895-3EAF-4294-A92C-B65BFD52C8EF}.Debug|x86.Build.0 = Debug|Win32
		{7EE51895-3EAF-4294-A92C-B65BFD52C8EF}.Release|x64.ActiveCfg = Release|x64
		{7EE51895-3EAF-4294-A92C-B65BFD52C8EF}.Release|x64.Build.0 = Release|x64
		{7EE51895-3EAF-4294-A92C-B65BFD52C8EF}.Release|x86.ActiveCfg = Release|Win32
		{7EE51895-3EAF-4294-A92C-B65BFD52C8EF}.Release|x86.Build.0 = Release|Win32
		{25E8107D-1ED6-4A57-A2DD-4F60CC14D700}.Debug|x64.ActiveCfg = Debug|x64
		{25E8107D-1ED6-4A57-A2DD-4F60CC14D700}.Debug|x64.Build.0 = Debug|x64
		{25E8107D-1ED6-4A57-A2DD-4F60CC14D700}.Debug|x86.ActiveCfg = Debug|Win32
		{25E8107D-1ED6-4A57-A2DD-4F60CC14D700}.Debug|x86.Build.0 = Debug|Win32
		{25E8107D-1ED6-4A57-A2DD-4F60CC14D700}.Release|x64.ActiveCfg = Release|x64
		{25E8107D-1ED6-4A57-A2DD-4F60CC14D700}.Release|x64.Build.0 = Release|x64
		{25E8107D-1ED6-4A57-A2DD-4F60CC14D700}.Release|x86.ActiveCfg = Release|Win32
		{25E8107D-1ED6-4A57-A2DD-4F60CC14D700}.Release|x86.Build.0 = Release|Win32
		{138A3F06-E22F-4054-ACF6-353BDE5D8323}.Debug|x64.ActiveCfg = Debug|x64
		{138A3F06-E22F-4054-ACF6-353BDE5D8323}.Debug|x64.Build.0 = Debug|x64
		{138A3F06-E22F-4054-ACF6-353BDE5D8323}.Debug|x86.ActiveCfg = Debug|Win32
		{138A3F06-E22F-4054-ACF6-353BDE5D8323}.Debug|x86.Build.0 = Debug|Win32
		{138A3F06-E22F-4054-ACF6-353BDE5D8323}.Release|x64.ActiveCfg = Release|x64
		{138A3F06-E22F-4054-ACF6-353BDE5D8323}.Release|x64.Build.0 = Release|x64
		{138A3F06-E22F-4054-ACF6-353BDE5D8323}.Release|x86.ActiveCfg = Release|Win32
		{138A3F06-E22F-4054-ACF6-353BDE5D8323}.Release|x86.Build.0 = Release|Win32
		{F406DF5B-9876-4121-940D-838F53EC3F99}.Debug|x64.ActiveCfg = Debug|x64
		{F406DF5B-9876-4121-940D-838F53EC3F99}.Debug|x64.Build.0 = Debug|x64
		{F406DF5B-9876-4121-940D-838F53EC3F99}.Debug|x86.ActiveCfg = Debug|Win32
		{F406DF5B-9876-4121-940D-838F53EC3F99}.Debug|x86.Build.0 = Debug|Win32
		{F406DF5B-9876-4121-940D-838F53EC3F99}.Release|x64.ActiveCfg = Release|x64
		{F406DF5B-9876-4121-940D-838F53EC3F99}.Release|x64.Build.0 = Release|x64
		{F406DF5B-9876-4121-940D-838F53EC3F99}.Release|x86.ActiveCfg = Release|Win32
		{F406DF5B-9876-4121-940D-838F53EC3F99}.Release|x86.Build.0 = Release|Win32
		{064C8EB5-AA27-4E69-8BD7-91AEC6152799}.Debug|x64.ActiveCfg = Debug|x64
		{064C8EB5-AA27-4E69-8BD7-91AEC6152799}.Debug|x64.Build.0 = Debug|x64
		{064C8EB5-AA27-4E69-8BD7-91AEC6152799}.Debug|x86.ActiveCfg = Debug|Win32
		{064C8EB5-AA27-4E69-8BD7-91AEC6152799}.Debug|x86.Build.0 = Debug|Win32
		{064C8EB5-AA27-4E69-8BD7-91AEC6152799}.Release|x64.ActiveCfg = Release|x64
		{064C8EB5-AA27-4E69-8BD7-91AEC6152799}.Release|x64.Build.0 = Release|x64
		{064C8EB5-AA27-4E69-8BD7-91AEC6152799}.Release|x86.ActiveCfg = Release|Win32
		{064C8EB5-AA27-4E69-8BD7-91AEC6152799}.Release|x86.Build.0 = Release|Win32
		{9180E50C-8BFF-4675-B800-236BBCB973E7}.Debug|x64.ActiveCfg = Debug|x64
		{9180E50C-8BFF-4675-B800-236BBCB973E7}.Debug|x64.Build.0 = Debug|x64
		{9180E50C-8BFF-4675-B800-236BBCB973E7}.Debug|x86.ActiveCfg = Debug|Win32
		{9180E50C-8BFF-4675-B800-236BBCB973E7}.Debug|x86.Build.0 = Debug|Win32
		{9180E50C-8BFF-4675-B800-236BBCB973E7}.Release|x64.ActiveCfg = Release|x64
		{9180E50C-8BFF-4675-B800-236BBCB973E7}.Release|x64.Build.0 = Release|x64
		{9180E50C-8BFF-4675-B800-236BBCB973E7}.Release|x86.ActiveCfg = Release|Win32
		{9180E50C-8BFF-4675-B800-236BBCB973E7}.Release|x86.Build.0 = Release|Win32
		{F8DE4B66-75CD-47CE-8369-A34CCCE317E2}.Debug|x64.ActiveCfg = Debug|x64
		{F8DE4B66-75CD-47CE-8369-A34CCCE317E2}.Debug|x64.Build.0 = Debug|x64
		{F8DE4B66-75CD-47CE-8369-A34CCCE317E2}.Debug|x86.ActiveCfg = Debug|Win32
		{F8DE4B66-75CD-47CE-8369-A34CCCE317E2}.Debug|x86.Build.0 = Debug|Win32
		{F8DE4B66-75CD-47CE-8369-A34CCCE317E2}.Release|x64.ActiveCfg = Release|x64
		{F8DE4B66-75CD-47CE-8369-A34CCCE317E2}.Release|x64.Build.0 = Release|x64
		{F8DE4B66-75CD-47CE-8369-A34CCCE317E2}.Release|x86.ActiveCfg = Release|Win32
		{F8DE4B66-75CD-47CE-8369-A34CCCE317E2}.Release|x86.Build.0 = Release|Win32
		{BD0B2A07-E7D6-433D-8CA1-58BDB3CD34B6}.Debug|x64.ActiveCfg = Debug|x64
		{BD0B2A07-E7D6-433D-8CA1-58BDB3CD34B6}.Debug|x64.Build.0 = Debug|x64
		{BD0B2A07-E7D6-433D-8CA1-58BDB3CD34B6}.Debug|x86.ActiveCfg = Debug|Win32
		{BD0B2A07-E7D6-433D-8CA1-58BDB3CD34B6}.Debug|x86.Build.0 = Debug|Win32
		{BD0B2A07-E7D6-433D-8CA1-58BDB3CD34B6}.Release|x64.ActiveCfg = Release|x64
		{BD0B2A07-E7D6-433D-8CA1-58BDB3CD34B6}.Release|x64.Build.0 = Release|x64
		{BD0B2A07-E7D6-433D-8CA1-58BDB3CD34B6}.Release|x86.ActiveCfg = Release|Win32
		{BD0B2A07-E7D6-433D-8CA1-58BDB3CD34B6}.Release|x86.Build.0 = Release|Win32
		{A53A3728-E72E-47B1-9C6A-F429258128C1}.Debug|x64.ActiveCfg = Debug|x64
		{A53A3728-E72E-47B1-9C6A-F429258128C1}.Debug|x64.Build.0 = Debug|x64
		{A53A3728-E72E-47B1-9C6A-F429258128C1}.Debug|x86.ActiveCfg = Debug|Win32
		{A53A3728-E72E-47B1-9C6A-F429258128C1}.Debug|x86.Build.0 = Debug|Win32
		{A53A3728-E72E-47B1-9C6A-F429258128C1}.Release|x64.ActiveCfg = Release|x64
		{A53A3728-E72E-47B1-9C6A-F429258128C1}.Release|x64.Build.0 = Release|x64
		{A53A3728-E72E-47B1-9C6A-F429258128C1}.Release|x86.ActiveCfg = Release|Win32
		{A53A3728-E72E-47B1-9C6A-F429258128C1}.Release|x86.Build.0 = Release|Win32
		{E68FCCE0-659A-49D8-851C-619194433FD9}.Debug|x64.ActiveCfg = Debug|x64
		{E68FCCE0-659A-49D8-851C-619194433FD9}.Debug|x64.Build.0 = Debug|x64
		{E68FCCE0-659A-49D8-851C-619194433FD9}.Debug|x86.ActiveCfg = Debug|Win32
		{E68FCCE0-659A-49D8-851C-619194433FD9}.Debug|x86.Build.0 = Debug|Win32
		{E68FCCE0-659A-49D8-851C-619194433FD9}.Release|x64.ActiveCfg = Release|x64
		{E68FCCE0-659A-49D8-851C-619194433FD9}.Release|x64.Build.0 = Release|x64
		{E68FCCE0-659A-49D8-851C-619194433FD9}.Release|x86.ActiveCfg = Release|Win32
		{E68FCCE0-659A-49D8-851C-619194433FD9}.Release|x86.Build.0 = Release|Win32
		{731B0A66-33AB-4F83-9BAB-C0A1D732D5A0}.Debug|x64.ActiveCfg = Debug|x64
		{731B0A66-33AB-4F83-9BAB-C0A1D732D5A0}.Debug|x64.Build.0 = Debug|x64
		{731B0A66-33AB-4F83-9BAB-C0A1D732D5A0}.Debug|x86.ActiveCfg = Debug|Win32
		{731B0A66-33AB-4F83-9BAB-C0A1D732D5A0}.Debug|x86.Build.0 = Debug|Win32
		{731B0A66-33AB-4F83-9BAB-C0A1D732D5A0}.Release|x64.ActiveCfg = Release|x64
		{731B0A66-33AB-4F83-9BAB-C0A1D732D5A0}.Release|x64.Build.0 = Release|x64
		{731B0A66-33AB-4F83-9BAB-C0A1D732D5A0}.Release|x86.ActiveCfg = Release|Win32
		{731B0A66-33AB-4F83-9BAB-C0A1D732D5A0}.Release|x86.Build.0 = Release|Win32
		{9B63EA37-788D-42A6-A5AB-5A07B0B8D065}.Debug|x64.ActiveCfg = Debug|x64
		{9B63EA37-788D-42A6-A5AB-5A07B0B8D065}.Debug|x64.Build.0 = Debug|x64
		{9B63EA37-788D-42A6-A5AB-5A07B0B8D065}.Debug|x86.ActiveCfg = Debug|Win32
		{9B63EA37-788D-42A6-A5AB-5A07B0B8D065}.Debug|x86.Build.0 = Debug|Win32
		{9B63EA37-788D-42A6-A5AB-5A07B0B8D065}.Release|x64.ActiveCfg = Release|x64
		{9B63EA37-788D-42A6-A5AB-5A07B0B8D065}.Release|x64.Build.0 = Release|x64
		{9B63EA37-788D-42A6-A5AB-5A07B0B8D065}.Release|x86.ActiveCfg = Release|Win32
		{9B63EA37-788D-42A6-A5AB-5A07B0B8D065}.Release|x86.Build.0 = Release|Win32
		{FCB965DD-539D-4AB6-B394-746B5E38B9BD}.Debug|x64.ActiveCfg = Debug|x64
		{FCB965DD-539D-4AB6-B394-746B5E38B9BD}.Debug|x64.Build.0 = Debug|x64
		{FCB965DD-539D-4AB6-B394-746B5E38B9BD}.Debug|x86.ActiveCfg = Debug|Win32
		{FCB965DD-539D-4AB6-B394-746B5E38B9BD}.Debug|x86.Build.0 = Debug|Win32
		{FCB965DD-539D-4AB6-B394-746B5E38B9BD}.Release|x64.ActiveCfg = Release|x64
		{FCB965DD-539D-4AB6-B394-746B5E38B9BD}.Release|x64.Build.0 = Release|x64
		{FCB965DD-539D-4AB6-B394-746B5E38B9BD}.Release|x86.ActiveCfg = Release|Win32
		{FCB965DD-539D-4AB6-B394-746B5E38B9BD}.Release|x86.Build.0 = Release|Win32
		{367985DE-2062-44D9-ABC2-6201AFA59C56}.Debug|x64.ActiveCfg = Debug|x64
		{367985DE-2062-44D9-ABC2-6201AFA59C56}.Debug|x64.Build.0 = Debug|x64
		{367985DE-2062-44D9-ABC2-6201AFA59C56}.Debug|x86.ActiveCfg = Debug|Win32
		{367985DE-2062-44D9-ABC2-6201AFA59C56}.Debug|x86.Build.0 = Debug|Win32
		{367985DE-2062-44D9-ABC2-6201AFA59C56}.Release|x64.ActiveCfg = Release|x64
		{367985DE-2062-44D9-ABC2-6201AFA59C56}.Release|x64.Build.0 = Release|x64
		{367985DE-2062-44D9-ABC2-6201AFA59C56}.Release|x86.ActiveCfg = Release|Win32
		{367985DE-2062-44D9-ABC2-6201AFA59C56}.Release|x86.Build.0 = Release|Win32
		{9DFE0B5C-771A-42DC-B35A-54E4830D14B4}.Debug|x64.ActiveCfg = Debug|x64
		{9DFE0B5C-771A-42DC-B35A-54E4830D14B4}.Debug|x64.Build.0 = Debug|x64
		{9DFE0B5C-771A-42DC-B35A-54E4830D14B4}.Debug|x86.ActiveCfg = Debug|Win32
		{9DFE0B5C-771A-42DC-B35A-54E4830D14B4}.Debug|x86.Build.0 = Debug|Win32
		{9DFE0B5C-771A-42DC-B35A-54E4830D14B4}.Release|x64.ActiveCfg = Release|x64
		{9DFE0B5C-771A-42DC-B35A-54E4830D14B4}.Release|x64.Build.0 = Release|x64
		{9DFE0B5C-771A-42DC-B35A-54E4830D14B4}.Release|x86.ActiveCfg = Release|Win32
		{9DFE0B5C-771A-42DC-B35A-54E4830D14B4}.Release|x86.Build.0 = Release|Win32
		{42834A45-89A0-4907-AE17-C2B50ECC6AA6}.Debug|x64.ActiveCfg = Debug|x64
		{42834A45-89A0-4907-AE17-C2B50ECC6AA6}.Debug|x64.Build.0 = Debug|x64
		{42834A45-89A0-4907-AE17-C2B50ECC6AA6}.Debug|x86.ActiveCfg = Debug|Win32
		{42834A45-89A0-4907-AE17-C2B50ECC6AA6}.Debug|x86.Build.0 = Debug|Win32
		{42834A45-89A0-4907-AE17-C2B50ECC6AA6}.Release|x64.ActiveCfg = Release|x64
		{42834A45-89A0-4907-AE17-C2B50ECC6AA6}.Release|x64.Build.0 = Release|x64
		{42834A45-89A0-4907-AE17-C2B50ECC6AA6}.Release|x86.ActiveCfg = Release|Win32
		{42834A45-89A0-4907-AE17-C2B50ECC6AA6}.Release|x86.Build.0 = Release|Win32
		{AA8B5D47-D4D8-4855-9078-14431FF73C8A}.Debug|x64.ActiveCfg = Debug|x64
		{AA8B5D47-D4D8-4855-9078-14431FF73C8A}.Debug|x64.Build.0 = Debug|x64
		{AA8B5D47-D4D8-4855-9078-14431FF73C8A}.Debug|x86.ActiveCfg = Debug|Win32
		{AA8B5D47-D4D8-4855-9078-14431FF73C8A}.Debug|x86.Build.0 = Debug|Win32
		{AA8B5D47-D4D8-4855-9078-14431FF73C8A}.Release|x64.ActiveCfg = Release|x64
		{AA8B5D47-D4D8-4855-9078-14431FF73C8A}.Release|x64.Build.0 = Release|x64
		{AA8B5D47-D4D8-4855-9078-14431FF73C8A}.Release|x86.ActiveCfg = Release|Win32
		{AA8B5D47-D4D8-4855-9078-14431FF73C8A}.Release|x86.Build.0 = Release|Win32
	EndGlobalSection
	GlobalSection(SolutionProperties) = preSolution
		HideSolutionNode = FALSE
	EndGlobalSection
	GlobalSection(ExtensibilityGlobals) = postSolution
		SolutionGuid = {42F9060C-9660-465B-AF02-FE7B6236B71D}
	EndGlobalSection
EndGlobal
